// !$*UTF8*$!
{
	archiveVersion = 1;
	classes = {
	};
	objectVersion = 56;
	objects = {

/* Begin PBXBuildFile section */
		169F187B2B5FCCD700737162 /* AppDelegate.swift in Sources */ = {isa = PBXBuildFile; fileRef = 169F187A2B5FCCD700737162 /* AppDelegate.swift */; };
		169F18842B5FCCD900737162 /* Assets.xcassets in Resources */ = {isa = PBXBuildFile; fileRef = 169F18832B5FCCD900737162 /* Assets.xcassets */; };
		169F18872B5FCCD900737162 /* LaunchScreen.storyboard in Resources */ = {isa = PBXBuildFile; fileRef = 169F18852B5FCCD900737162 /* LaunchScreen.storyboard */; };
		169F18922B5FCCD900737162 /* UiKit_MVVM_XibTests.swift in Sources */ = {isa = PBXBuildFile; fileRef = 169F18912B5FCCD900737162 /* UiKit_MVVM_XibTests.swift */; };
		169F189C2B5FCCD900737162 /* UiKit_MVVM_XibUITests.swift in Sources */ = {isa = PBXBuildFile; fileRef = 169F189B2B5FCCD900737162 /* UiKit_MVVM_XibUITests.swift */; };
		169F189E2B5FCCD900737162 /* UiKit_MVVM_XibUITestsLaunchTests.swift in Sources */ = {isa = PBXBuildFile; fileRef = 169F189D2B5FCCD900737162 /* UiKit_MVVM_XibUITestsLaunchTests.swift */; };
		169F18AD2B5FCEAD00737162 /* MainViewController.swift in Sources */ = {isa = PBXBuildFile; fileRef = 169F18AB2B5FCEAD00737162 /* MainViewController.swift */; };
		169F18AE2B5FCEAD00737162 /* MainViewController.xib in Resources */ = {isa = PBXBuildFile; fileRef = 169F18AC2B5FCEAD00737162 /* MainViewController.xib */; };
		169F18B82B5FD4D800737162 /* MainViewController+TableView.swift in Sources */ = {isa = PBXBuildFile; fileRef = 169F18B72B5FD4D800737162 /* MainViewController+TableView.swift */; };
		169F18BA2B5FD67B00737162 /* MainViewModel.swift in Sources */ = {isa = PBXBuildFile; fileRef = 169F18B92B5FD67B00737162 /* MainViewModel.swift */; };
		169F18BC2B5FE03800737162 /* NetworkConstant.swift in Sources */ = {isa = PBXBuildFile; fileRef = 169F18BB2B5FE03800737162 /* NetworkConstant.swift */; };
		169F18BE2B5FE21600737162 /* APICaller.swift in Sources */ = {isa = PBXBuildFile; fileRef = 169F18BD2B5FE21600737162 /* APICaller.swift */; };
		169F18C02B5FE26E00737162 /* TrendingMoviesModel.swift in Sources */ = {isa = PBXBuildFile; fileRef = 169F18BF2B5FE26E00737162 /* TrendingMoviesModel.swift */; };
		169F18C22B60292000737162 /* Observable.swift in Sources */ = {isa = PBXBuildFile; fileRef = 169F18C12B60292000737162 /* Observable.swift */; };
		169F18C62B60C29600737162 /* MainMovieCell.swift in Sources */ = {isa = PBXBuildFile; fileRef = 169F18C42B60C29600737162 /* MainMovieCell.swift */; };
		169F18C72B60C29600737162 /* MainMovieCell.xib in Resources */ = {isa = PBXBuildFile; fileRef = 169F18C52B60C29600737162 /* MainMovieCell.xib */; };
		169F18C92B60E81D00737162 /* UIViewExtensions.swift in Sources */ = {isa = PBXBuildFile; fileRef = 169F18C82B60E81D00737162 /* UIViewExtensions.swift */; };
		169F18CB2B60E9B400737162 /* MovieTableCellViewModel.swift in Sources */ = {isa = PBXBuildFile; fileRef = 169F18CA2B60E9B400737162 /* MovieTableCellViewModel.swift */; };
		169F18CF2B61061200737162 /* DetailMovieViewController.swift in Sources */ = {isa = PBXBuildFile; fileRef = 169F18CD2B61061200737162 /* DetailMovieViewController.swift */; };
		169F18D02B61061200737162 /* DetailMovieViewController.xib in Resources */ = {isa = PBXBuildFile; fileRef = 169F18CE2B61061200737162 /* DetailMovieViewController.xib */; };
		169F18D22B6108D100737162 /* DetailMovieViewModel.swift in Sources */ = {isa = PBXBuildFile; fileRef = 169F18D12B6108D100737162 /* DetailMovieViewModel.swift */; };
		1804FBDB65F528BC74C3058A /* Pods_UiKit_MVVM_Xib_UiKit_MVVM_XibUITests.framework in Frameworks */ = {isa = PBXBuildFile; fileRef = AAE5E26766611AA79E566010 /* Pods_UiKit_MVVM_Xib_UiKit_MVVM_XibUITests.framework */; };
		702C2CC71C484E4E456A09AB /* Pods_UiKit_MVVM_Xib.framework in Frameworks */ = {isa = PBXBuildFile; fileRef = 29BEC63835C54BF0C6BF67A7 /* Pods_UiKit_MVVM_Xib.framework */; };
		F4CA6925E90756C1FDD4AC48 /* Pods_UiKit_MVVM_XibTests.framework in Frameworks */ = {isa = PBXBuildFile; fileRef = 85D4B67C602DA0F4ED63BFC8 /* Pods_UiKit_MVVM_XibTests.framework */; };
/* End PBXBuildFile section */

/* Begin PBXContainerItemProxy section */
		169F188E2B5FCCD900737162 /* PBXContainerItemProxy */ = {
			isa = PBXContainerItemProxy;
			containerPortal = 169F186F2B5FCCD700737162 /* Project object */;
			proxyType = 1;
			remoteGlobalIDString = 169F18762B5FCCD700737162;
			remoteInfo = UiKit_MVVM_Xib;
		};
		169F18982B5FCCD900737162 /* PBXContainerItemProxy */ = {
			isa = PBXContainerItemProxy;
			containerPortal = 169F186F2B5FCCD700737162 /* Project object */;
			proxyType = 1;
			remoteGlobalIDString = 169F18762B5FCCD700737162;
			remoteInfo = UiKit_MVVM_Xib;
		};
/* End PBXContainerItemProxy section */

/* Begin PBXFileReference section */
		169F18772B5FCCD700737162 /* UiKit_MVVM_Xib.app */ = {isa = PBXFileReference; explicitFileType = wrapper.application; includeInIndex = 0; path = UiKit_MVVM_Xib.app; sourceTree = BUILT_PRODUCTS_DIR; };
		169F187A2B5FCCD700737162 /* AppDelegate.swift */ = {isa = PBXFileReference; lastKnownFileType = sourcecode.swift; path = AppDelegate.swift; sourceTree = "<group>"; };
		169F18832B5FCCD900737162 /* Assets.xcassets */ = {isa = PBXFileReference; lastKnownFileType = folder.assetcatalog; path = Assets.xcassets; sourceTree = "<group>"; };
		169F18862B5FCCD900737162 /* Base */ = {isa = PBXFileReference; lastKnownFileType = file.storyboard; name = Base; path = Base.lproj/LaunchScreen.storyboard; sourceTree = "<group>"; };
		169F18882B5FCCD900737162 /* Info.plist */ = {isa = PBXFileReference; lastKnownFileType = text.plist.xml; path = Info.plist; sourceTree = "<group>"; };
		169F188D2B5FCCD900737162 /* UiKit_MVVM_XibTests.xctest */ = {isa = PBXFileReference; explicitFileType = wrapper.cfbundle; includeInIndex = 0; path = UiKit_MVVM_XibTests.xctest; sourceTree = BUILT_PRODUCTS_DIR; };
		169F18912B5FCCD900737162 /* UiKit_MVVM_XibTests.swift */ = {isa = PBXFileReference; lastKnownFileType = sourcecode.swift; path = UiKit_MVVM_XibTests.swift; sourceTree = "<group>"; };
		169F18972B5FCCD900737162 /* UiKit_MVVM_XibUITests.xctest */ = {isa = PBXFileReference; explicitFileType = wrapper.cfbundle; includeInIndex = 0; path = UiKit_MVVM_XibUITests.xctest; sourceTree = BUILT_PRODUCTS_DIR; };
		169F189B2B5FCCD900737162 /* UiKit_MVVM_XibUITests.swift */ = {isa = PBXFileReference; lastKnownFileType = sourcecode.swift; path = UiKit_MVVM_XibUITests.swift; sourceTree = "<group>"; };
		169F189D2B5FCCD900737162 /* UiKit_MVVM_XibUITestsLaunchTests.swift */ = {isa = PBXFileReference; lastKnownFileType = sourcecode.swift; path = UiKit_MVVM_XibUITestsLaunchTests.swift; sourceTree = "<group>"; };
		169F18AB2B5FCEAD00737162 /* MainViewController.swift */ = {isa = PBXFileReference; lastKnownFileType = sourcecode.swift; path = MainViewController.swift; sourceTree = "<group>"; };
		169F18AC2B5FCEAD00737162 /* MainViewController.xib */ = {isa = PBXFileReference; lastKnownFileType = file.xib; path = MainViewController.xib; sourceTree = "<group>"; };
		169F18B72B5FD4D800737162 /* MainViewController+TableView.swift */ = {isa = PBXFileReference; lastKnownFileType = sourcecode.swift; path = "MainViewController+TableView.swift"; sourceTree = "<group>"; };
		169F18B92B5FD67B00737162 /* MainViewModel.swift */ = {isa = PBXFileReference; lastKnownFileType = sourcecode.swift; path = MainViewModel.swift; sourceTree = "<group>"; };
		169F18BB2B5FE03800737162 /* NetworkConstant.swift */ = {isa = PBXFileReference; lastKnownFileType = sourcecode.swift; path = NetworkConstant.swift; sourceTree = "<group>"; };
		169F18BD2B5FE21600737162 /* APICaller.swift */ = {isa = PBXFileReference; lastKnownFileType = sourcecode.swift; path = APICaller.swift; sourceTree = "<group>"; };
		169F18BF2B5FE26E00737162 /* TrendingMoviesModel.swift */ = {isa = PBXFileReference; lastKnownFileType = sourcecode.swift; path = TrendingMoviesModel.swift; sourceTree = "<group>"; };
		169F18C12B60292000737162 /* Observable.swift */ = {isa = PBXFileReference; lastKnownFileType = sourcecode.swift; path = Observable.swift; sourceTree = "<group>"; };
		169F18C42B60C29600737162 /* MainMovieCell.swift */ = {isa = PBXFileReference; lastKnownFileType = sourcecode.swift; path = MainMovieCell.swift; sourceTree = "<group>"; };
		169F18C52B60C29600737162 /* MainMovieCell.xib */ = {isa = PBXFileReference; lastKnownFileType = file.xib; path = MainMovieCell.xib; sourceTree = "<group>"; };
		169F18C82B60E81D00737162 /* UIViewExtensions.swift */ = {isa = PBXFileReference; lastKnownFileType = sourcecode.swift; path = UIViewExtensions.swift; sourceTree = "<group>"; };
		169F18CA2B60E9B400737162 /* MovieTableCellViewModel.swift */ = {isa = PBXFileReference; lastKnownFileType = sourcecode.swift; path = MovieTableCellViewModel.swift; sourceTree = "<group>"; };
		169F18CD2B61061200737162 /* DetailMovieViewController.swift */ = {isa = PBXFileReference; lastKnownFileType = sourcecode.swift; path = DetailMovieViewController.swift; sourceTree = "<group>"; };
		169F18CE2B61061200737162 /* DetailMovieViewController.xib */ = {isa = PBXFileReference; lastKnownFileType = file.xib; path = DetailMovieViewController.xib; sourceTree = "<group>"; };
		169F18D12B6108D100737162 /* DetailMovieViewModel.swift */ = {isa = PBXFileReference; lastKnownFileType = sourcecode.swift; path = DetailMovieViewModel.swift; sourceTree = "<group>"; };
		29BEC63835C54BF0C6BF67A7 /* Pods_UiKit_MVVM_Xib.framework */ = {isa = PBXFileReference; explicitFileType = wrapper.framework; includeInIndex = 0; path = Pods_UiKit_MVVM_Xib.framework; sourceTree = BUILT_PRODUCTS_DIR; };
		4E630674CD545D399F7B0605 /* Pods-UiKit_MVVM_XibTests.release.xcconfig */ = {isa = PBXFileReference; includeInIndex = 1; lastKnownFileType = text.xcconfig; name = "Pods-UiKit_MVVM_XibTests.release.xcconfig"; path = "Target Support Files/Pods-UiKit_MVVM_XibTests/Pods-UiKit_MVVM_XibTests.release.xcconfig"; sourceTree = "<group>"; };
		52BFACEB42B1885F1939D8FE /* Pods-UiKit_MVVM_Xib.release.xcconfig */ = {isa = PBXFileReference; includeInIndex = 1; lastKnownFileType = text.xcconfig; name = "Pods-UiKit_MVVM_Xib.release.xcconfig"; path = "Target Support Files/Pods-UiKit_MVVM_Xib/Pods-UiKit_MVVM_Xib.release.xcconfig"; sourceTree = "<group>"; };
		6C40852055CB6DE5B0BF780A /* Pods-UiKit_MVVM_Xib.debug.xcconfig */ = {isa = PBXFileReference; includeInIndex = 1; lastKnownFileType = text.xcconfig; name = "Pods-UiKit_MVVM_Xib.debug.xcconfig"; path = "Target Support Files/Pods-UiKit_MVVM_Xib/Pods-UiKit_MVVM_Xib.debug.xcconfig"; sourceTree = "<group>"; };
		85D4B67C602DA0F4ED63BFC8 /* Pods_UiKit_MVVM_XibTests.framework */ = {isa = PBXFileReference; explicitFileType = wrapper.framework; includeInIndex = 0; path = Pods_UiKit_MVVM_XibTests.framework; sourceTree = BUILT_PRODUCTS_DIR; };
		87845E7763D1C0104A8A54DF /* Pods-UiKit_MVVM_XibTests.debug.xcconfig */ = {isa = PBXFileReference; includeInIndex = 1; lastKnownFileType = text.xcconfig; name = "Pods-UiKit_MVVM_XibTests.debug.xcconfig"; path = "Target Support Files/Pods-UiKit_MVVM_XibTests/Pods-UiKit_MVVM_XibTests.debug.xcconfig"; sourceTree = "<group>"; };
		AAE5E26766611AA79E566010 /* Pods_UiKit_MVVM_Xib_UiKit_MVVM_XibUITests.framework */ = {isa = PBXFileReference; explicitFileType = wrapper.framework; includeInIndex = 0; path = Pods_UiKit_MVVM_Xib_UiKit_MVVM_XibUITests.framework; sourceTree = BUILT_PRODUCTS_DIR; };
		CA92A1928D534B5CB65E7683 /* Pods-UiKit_MVVM_Xib-UiKit_MVVM_XibUITests.debug.xcconfig */ = {isa = PBXFileReference; includeInIndex = 1; lastKnownFileType = text.xcconfig; name = "Pods-UiKit_MVVM_Xib-UiKit_MVVM_XibUITests.debug.xcconfig"; path = "Target Support Files/Pods-UiKit_MVVM_Xib-UiKit_MVVM_XibUITests/Pods-UiKit_MVVM_Xib-UiKit_MVVM_XibUITests.debug.xcconfig"; sourceTree = "<group>"; };
		F505B149677B38BFC550FE60 /* Pods-UiKit_MVVM_Xib-UiKit_MVVM_XibUITests.release.xcconfig */ = {isa = PBXFileReference; includeInIndex = 1; lastKnownFileType = text.xcconfig; name = "Pods-UiKit_MVVM_Xib-UiKit_MVVM_XibUITests.release.xcconfig"; path = "Target Support Files/Pods-UiKit_MVVM_Xib-UiKit_MVVM_XibUITests/Pods-UiKit_MVVM_Xib-UiKit_MVVM_XibUITests.release.xcconfig"; sourceTree = "<group>"; };
/* End PBXFileReference section */

/* Begin PBXFrameworksBuildPhase section */
		169F18742B5FCCD700737162 /* Frameworks */ = {
			isa = PBXFrameworksBuildPhase;
			buildActionMask = 2147483647;
			files = (
				702C2CC71C484E4E456A09AB /* Pods_UiKit_MVVM_Xib.framework in Frameworks */,
			);
			runOnlyForDeploymentPostprocessing = 0;
		};
		169F188A2B5FCCD900737162 /* Frameworks */ = {
			isa = PBXFrameworksBuildPhase;
			buildActionMask = 2147483647;
			files = (
				F4CA6925E90756C1FDD4AC48 /* Pods_UiKit_MVVM_XibTests.framework in Frameworks */,
			);
			runOnlyForDeploymentPostprocessing = 0;
		};
		169F18942B5FCCD900737162 /* Frameworks */ = {
			isa = PBXFrameworksBuildPhase;
			buildActionMask = 2147483647;
			files = (
				1804FBDB65F528BC74C3058A /* Pods_UiKit_MVVM_Xib_UiKit_MVVM_XibUITests.framework in Frameworks */,
			);
			runOnlyForDeploymentPostprocessing = 0;
		};
/* End PBXFrameworksBuildPhase section */

/* Begin PBXGroup section */
		169F186E2B5FCCD700737162 = {
			isa = PBXGroup;
			children = (
				169F18792B5FCCD700737162 /* UiKit_MVVM_Xib */,
				169F18902B5FCCD900737162 /* UiKit_MVVM_XibTests */,
				169F189A2B5FCCD900737162 /* UiKit_MVVM_XibUITests */,
				169F18782B5FCCD700737162 /* Products */,
				450593B01789743E310D440F /* Pods */,
				8721CE6741652E666A4E8882 /* Frameworks */,
			);
			sourceTree = "<group>";
		};
		169F18782B5FCCD700737162 /* Products */ = {
			isa = PBXGroup;
			children = (
				169F18772B5FCCD700737162 /* UiKit_MVVM_Xib.app */,
				169F188D2B5FCCD900737162 /* UiKit_MVVM_XibTests.xctest */,
				169F18972B5FCCD900737162 /* UiKit_MVVM_XibUITests.xctest */,
			);
			name = Products;
			sourceTree = "<group>";
		};
		169F18792B5FCCD700737162 /* UiKit_MVVM_Xib */ = {
			isa = PBXGroup;
			children = (
				169F18B62B5FD14600737162 /* Networking */,
				169F18B52B5FD12B00737162 /* Extensions */,
				169F18B42B5FD11D00737162 /* Resources */,
				169F18B32B5FD10A00737162 /* Classes */,
				169F18B22B5FD0ED00737162 /* Model */,
				169F18B12B5FD0E600737162 /* Controllers */,
				169F18B02B5FD0E100737162 /* ViewModel */,
				169F18AF2B5FD0D200737162 /* View */,
				169F187A2B5FCCD700737162 /* AppDelegate.swift */,
				169F18882B5FCCD900737162 /* Info.plist */,
			);
			path = UiKit_MVVM_Xib;
			sourceTree = "<group>";
		};
		169F18902B5FCCD900737162 /* UiKit_MVVM_XibTests */ = {
			isa = PBXGroup;
			children = (
				169F18912B5FCCD900737162 /* UiKit_MVVM_XibTests.swift */,
			);
			path = UiKit_MVVM_XibTests;
			sourceTree = "<group>";
		};
		169F189A2B5FCCD900737162 /* UiKit_MVVM_XibUITests */ = {
			isa = PBXGroup;
			children = (
				169F189B2B5FCCD900737162 /* UiKit_MVVM_XibUITests.swift */,
				169F189D2B5FCCD900737162 /* UiKit_MVVM_XibUITestsLaunchTests.swift */,
			);
			path = UiKit_MVVM_XibUITests;
			sourceTree = "<group>";
		};
		169F18AA2B5FCE7F00737162 /* MainViewController */ = {
			isa = PBXGroup;
			children = (
				169F18AB2B5FCEAD00737162 /* MainViewController.swift */,
				169F18AC2B5FCEAD00737162 /* MainViewController.xib */,
				169F18B72B5FD4D800737162 /* MainViewController+TableView.swift */,
			);
			path = MainViewController;
			sourceTree = "<group>";
		};
		169F18AF2B5FD0D200737162 /* View */ = {
			isa = PBXGroup;
			children = (
				169F18C32B60C27400737162 /* MainMovieCell */,
				169F18852B5FCCD900737162 /* LaunchScreen.storyboard */,
			);
			path = View;
			sourceTree = "<group>";
		};
		169F18B02B5FD0E100737162 /* ViewModel */ = {
			isa = PBXGroup;
			children = (
				169F18B92B5FD67B00737162 /* MainViewModel.swift */,
				169F18CA2B60E9B400737162 /* MovieTableCellViewModel.swift */,
				169F18D12B6108D100737162 /* DetailMovieViewModel.swift */,
			);
			path = ViewModel;
			sourceTree = "<group>";
		};
		169F18B12B5FD0E600737162 /* Controllers */ = {
			isa = PBXGroup;
			children = (
				169F18CC2B6105E200737162 /* DetailMovieViewController */,
				169F18AA2B5FCE7F00737162 /* MainViewController */,
			);
			path = Controllers;
			sourceTree = "<group>";
		};
		169F18B22B5FD0ED00737162 /* Model */ = {
			isa = PBXGroup;
			children = (
				169F18BF2B5FE26E00737162 /* TrendingMoviesModel.swift */,
			);
			path = Model;
			sourceTree = "<group>";
		};
		169F18B32B5FD10A00737162 /* Classes */ = {
			isa = PBXGroup;
			children = (
				169F18C12B60292000737162 /* Observable.swift */,
			);
			path = Classes;
			sourceTree = "<group>";
		};
		169F18B42B5FD11D00737162 /* Resources */ = {
			isa = PBXGroup;
			children = (
				169F18832B5FCCD900737162 /* Assets.xcassets */,
			);
			path = Resources;
			sourceTree = "<group>";
		};
		169F18B52B5FD12B00737162 /* Extensions */ = {
			isa = PBXGroup;
			children = (
				169F18C82B60E81D00737162 /* UIViewExtensions.swift */,
			);
			path = Extensions;
			sourceTree = "<group>";
		};
		169F18B62B5FD14600737162 /* Networking */ = {
			isa = PBXGroup;
			children = (
				169F18BB2B5FE03800737162 /* NetworkConstant.swift */,
				169F18BD2B5FE21600737162 /* APICaller.swift */,
			);
			path = Networking;
			sourceTree = "<group>";
		};
		169F18C32B60C27400737162 /* MainMovieCell */ = {
			isa = PBXGroup;
			children = (
				169F18C42B60C29600737162 /* MainMovieCell.swift */,
				169F18C52B60C29600737162 /* MainMovieCell.xib */,
			);
			path = MainMovieCell;
			sourceTree = "<group>";
		};
		169F18CC2B6105E200737162 /* DetailMovieViewController */ = {
			isa = PBXGroup;
			children = (
				169F18CD2B61061200737162 /* DetailMovieViewController.swift */,
				169F18CE2B61061200737162 /* DetailMovieViewController.xib */,
			);
			path = DetailMovieViewController;
			sourceTree = "<group>";
		};
		450593B01789743E310D440F /* Pods */ = {
			isa = PBXGroup;
			children = (
				6C40852055CB6DE5B0BF780A /* Pods-UiKit_MVVM_Xib.debug.xcconfig */,
				52BFACEB42B1885F1939D8FE /* Pods-UiKit_MVVM_Xib.release.xcconfig */,
				CA92A1928D534B5CB65E7683 /* Pods-UiKit_MVVM_Xib-UiKit_MVVM_XibUITests.debug.xcconfig */,
				F505B149677B38BFC550FE60 /* Pods-UiKit_MVVM_Xib-UiKit_MVVM_XibUITests.release.xcconfig */,
				87845E7763D1C0104A8A54DF /* Pods-UiKit_MVVM_XibTests.debug.xcconfig */,
				4E630674CD545D399F7B0605 /* Pods-UiKit_MVVM_XibTests.release.xcconfig */,
			);
			path = Pods;
			sourceTree = "<group>";
		};
		8721CE6741652E666A4E8882 /* Frameworks */ = {
			isa = PBXGroup;
			children = (
				29BEC63835C54BF0C6BF67A7 /* Pods_UiKit_MVVM_Xib.framework */,
				AAE5E26766611AA79E566010 /* Pods_UiKit_MVVM_Xib_UiKit_MVVM_XibUITests.framework */,
				85D4B67C602DA0F4ED63BFC8 /* Pods_UiKit_MVVM_XibTests.framework */,
			);
			name = Frameworks;
			sourceTree = "<group>";
		};
/* End PBXGroup section */

/* Begin PBXNativeTarget section */
		169F18762B5FCCD700737162 /* UiKit_MVVM_Xib */ = {
			isa = PBXNativeTarget;
			buildConfigurationList = 169F18A12B5FCCD900737162 /* Build configuration list for PBXNativeTarget "UiKit_MVVM_Xib" */;
			buildPhases = (
				AD77ACED7A092F40DD727960 /* [CP] Check Pods Manifest.lock */,
				169F18732B5FCCD700737162 /* Sources */,
				169F18742B5FCCD700737162 /* Frameworks */,
				169F18752B5FCCD700737162 /* Resources */,
				18720F5256AB5E7DA0522643 /* [CP] Embed Pods Frameworks */,
			);
			buildRules = (
			);
			dependencies = (
			);
			name = UiKit_MVVM_Xib;
			productName = UiKit_MVVM_Xib;
			productReference = 169F18772B5FCCD700737162 /* UiKit_MVVM_Xib.app */;
			productType = "com.apple.product-type.application";
		};
		169F188C2B5FCCD900737162 /* UiKit_MVVM_XibTests */ = {
			isa = PBXNativeTarget;
			buildConfigurationList = 169F18A42B5FCCD900737162 /* Build configuration list for PBXNativeTarget "UiKit_MVVM_XibTests" */;
			buildPhases = (
				A2BE8B160D5089A455B64B1A /* [CP] Check Pods Manifest.lock */,
				169F18892B5FCCD900737162 /* Sources */,
				169F188A2B5FCCD900737162 /* Frameworks */,
				169F188B2B5FCCD900737162 /* Resources */,
			);
			buildRules = (
			);
			dependencies = (
				169F188F2B5FCCD900737162 /* PBXTargetDependency */,
			);
			name = UiKit_MVVM_XibTests;
			productName = UiKit_MVVM_XibTests;
			productReference = 169F188D2B5FCCD900737162 /* UiKit_MVVM_XibTests.xctest */;
			productType = "com.apple.product-type.bundle.unit-test";
		};
		169F18962B5FCCD900737162 /* UiKit_MVVM_XibUITests */ = {
			isa = PBXNativeTarget;
			buildConfigurationList = 169F18A72B5FCCD900737162 /* Build configuration list for PBXNativeTarget "UiKit_MVVM_XibUITests" */;
			buildPhases = (
				DDC732250FC6BDC5B42664A9 /* [CP] Check Pods Manifest.lock */,
				169F18932B5FCCD900737162 /* Sources */,
				169F18942B5FCCD900737162 /* Frameworks */,
				169F18952B5FCCD900737162 /* Resources */,
				369E126DA69DC2177499A7F0 /* [CP] Embed Pods Frameworks */,
			);
			buildRules = (
			);
			dependencies = (
				169F18992B5FCCD900737162 /* PBXTargetDependency */,
			);
			name = UiKit_MVVM_XibUITests;
			productName = UiKit_MVVM_XibUITests;
			productReference = 169F18972B5FCCD900737162 /* UiKit_MVVM_XibUITests.xctest */;
			productType = "com.apple.product-type.bundle.ui-testing";
		};
/* End PBXNativeTarget section */

/* Begin PBXProject section */
		169F186F2B5FCCD700737162 /* Project object */ = {
			isa = PBXProject;
			attributes = {
				BuildIndependentTargetsInParallel = 1;
				LastSwiftUpdateCheck = 1500;
				LastUpgradeCheck = 1500;
				TargetAttributes = {
					169F18762B5FCCD700737162 = {
						CreatedOnToolsVersion = 15.0;
					};
					169F188C2B5FCCD900737162 = {
						CreatedOnToolsVersion = 15.0;
						TestTargetID = 169F18762B5FCCD700737162;
					};
					169F18962B5FCCD900737162 = {
						CreatedOnToolsVersion = 15.0;
						TestTargetID = 169F18762B5FCCD700737162;
					};
				};
			};
			buildConfigurationList = 169F18722B5FCCD700737162 /* Build configuration list for PBXProject "UiKit_MVVM_Xib" */;
			compatibilityVersion = "Xcode 14.0";
			developmentRegion = en;
			hasScannedForEncodings = 0;
			knownRegions = (
				en,
				Base,
			);
			mainGroup = 169F186E2B5FCCD700737162;
			productRefGroup = 169F18782B5FCCD700737162 /* Products */;
			projectDirPath = "";
			projectRoot = "";
			targets = (
				169F18762B5FCCD700737162 /* UiKit_MVVM_Xib */,
				169F188C2B5FCCD900737162 /* UiKit_MVVM_XibTests */,
				169F18962B5FCCD900737162 /* UiKit_MVVM_XibUITests */,
			);
		};
/* End PBXProject section */

/* Begin PBXResourcesBuildPhase section */
		169F18752B5FCCD700737162 /* Resources */ = {
			isa = PBXResourcesBuildPhase;
			buildActionMask = 2147483647;
			files = (
				169F18872B5FCCD900737162 /* LaunchScreen.storyboard in Resources */,
				169F18D02B61061200737162 /* DetailMovieViewController.xib in Resources */,
				169F18AE2B5FCEAD00737162 /* MainViewController.xib in Resources */,
				169F18842B5FCCD900737162 /* Assets.xcassets in Resources */,
				169F18C72B60C29600737162 /* MainMovieCell.xib in Resources */,
			);
			runOnlyForDeploymentPostprocessing = 0;
		};
		169F188B2B5FCCD900737162 /* Resources */ = {
			isa = PBXResourcesBuildPhase;
			buildActionMask = 2147483647;
			files = (
			);
			runOnlyForDeploymentPostprocessing = 0;
		};
		169F18952B5FCCD900737162 /* Resources */ = {
			isa = PBXResourcesBuildPhase;
			buildActionMask = 2147483647;
			files = (
			);
			runOnlyForDeploymentPostprocessing = 0;
		};
/* End PBXResourcesBuildPhase section */

/* Begin PBXShellScriptBuildPhase section */
		18720F5256AB5E7DA0522643 /* [CP] Embed Pods Frameworks */ = {
			isa = PBXShellScriptBuildPhase;
			buildActionMask = 2147483647;
			files = (
			);
			inputFileListPaths = (
				"${PODS_ROOT}/Target Support Files/Pods-UiKit_MVVM_Xib/Pods-UiKit_MVVM_Xib-frameworks-${CONFIGURATION}-input-files.xcfilelist",
			);
			name = "[CP] Embed Pods Frameworks";
			outputFileListPaths = (
				"${PODS_ROOT}/Target Support Files/Pods-UiKit_MVVM_Xib/Pods-UiKit_MVVM_Xib-frameworks-${CONFIGURATION}-output-files.xcfilelist",
			);
			runOnlyForDeploymentPostprocessing = 0;
			shellPath = /bin/sh;
			shellScript = "\"${PODS_ROOT}/Target Support Files/Pods-UiKit_MVVM_Xib/Pods-UiKit_MVVM_Xib-frameworks.sh\"\n";
			showEnvVarsInLog = 0;
		};
		369E126DA69DC2177499A7F0 /* [CP] Embed Pods Frameworks */ = {
			isa = PBXShellScriptBuildPhase;
			buildActionMask = 2147483647;
			files = (
			);
			inputFileListPaths = (
				"${PODS_ROOT}/Target Support Files/Pods-UiKit_MVVM_Xib-UiKit_MVVM_XibUITests/Pods-UiKit_MVVM_Xib-UiKit_MVVM_XibUITests-frameworks-${CONFIGURATION}-input-files.xcfilelist",
			);
			name = "[CP] Embed Pods Frameworks";
			outputFileListPaths = (
				"${PODS_ROOT}/Target Support Files/Pods-UiKit_MVVM_Xib-UiKit_MVVM_XibUITests/Pods-UiKit_MVVM_Xib-UiKit_MVVM_XibUITests-frameworks-${CONFIGURATION}-output-files.xcfilelist",
			);
			runOnlyForDeploymentPostprocessing = 0;
			shellPath = /bin/sh;
			shellScript = "\"${PODS_ROOT}/Target Support Files/Pods-UiKit_MVVM_Xib-UiKit_MVVM_XibUITests/Pods-UiKit_MVVM_Xib-UiKit_MVVM_XibUITests-frameworks.sh\"\n";
			showEnvVarsInLog = 0;
		};
		A2BE8B160D5089A455B64B1A /* [CP] Check Pods Manifest.lock */ = {
			isa = PBXShellScriptBuildPhase;
			buildActionMask = 2147483647;
			files = (
			);
			inputFileListPaths = (
			);
			inputPaths = (
				"${PODS_PODFILE_DIR_PATH}/Podfile.lock",
				"${PODS_ROOT}/Manifest.lock",
			);
			name = "[CP] Check Pods Manifest.lock";
			outputFileListPaths = (
			);
			outputPaths = (
				"$(DERIVED_FILE_DIR)/Pods-UiKit_MVVM_XibTests-checkManifestLockResult.txt",
			);
			runOnlyForDeploymentPostprocessing = 0;
			shellPath = /bin/sh;
			shellScript = "diff \"${PODS_PODFILE_DIR_PATH}/Podfile.lock\" \"${PODS_ROOT}/Manifest.lock\" > /dev/null\nif [ $? != 0 ] ; then\n    # print error to STDERR\n    echo \"error: The sandbox is not in sync with the Podfile.lock. Run 'pod install' or update your CocoaPods installation.\" >&2\n    exit 1\nfi\n# This output is used by Xcode 'outputs' to avoid re-running this script phase.\necho \"SUCCESS\" > \"${SCRIPT_OUTPUT_FILE_0}\"\n";
			showEnvVarsInLog = 0;
		};
		AD77ACED7A092F40DD727960 /* [CP] Check Pods Manifest.lock */ = {
			isa = PBXShellScriptBuildPhase;
			buildActionMask = 2147483647;
			files = (
			);
			inputFileListPaths = (
			);
			inputPaths = (
				"${PODS_PODFILE_DIR_PATH}/Podfile.lock",
				"${PODS_ROOT}/Manifest.lock",
			);
			name = "[CP] Check Pods Manifest.lock";
			outputFileListPaths = (
			);
			outputPaths = (
				"$(DERIVED_FILE_DIR)/Pods-UiKit_MVVM_Xib-checkManifestLockResult.txt",
			);
			runOnlyForDeploymentPostprocessing = 0;
			shellPath = /bin/sh;
			shellScript = "diff \"${PODS_PODFILE_DIR_PATH}/Podfile.lock\" \"${PODS_ROOT}/Manifest.lock\" > /dev/null\nif [ $? != 0 ] ; then\n    # print error to STDERR\n    echo \"error: The sandbox is not in sync with the Podfile.lock. Run 'pod install' or update your CocoaPods installation.\" >&2\n    exit 1\nfi\n# This output is used by Xcode 'outputs' to avoid re-running this script phase.\necho \"SUCCESS\" > \"${SCRIPT_OUTPUT_FILE_0}\"\n";
			showEnvVarsInLog = 0;
		};
		DDC732250FC6BDC5B42664A9 /* [CP] Check Pods Manifest.lock */ = {
			isa = PBXShellScriptBuildPhase;
			buildActionMask = 2147483647;
			files = (
			);
			inputFileListPaths = (
			);
			inputPaths = (
				"${PODS_PODFILE_DIR_PATH}/Podfile.lock",
				"${PODS_ROOT}/Manifest.lock",
			);
			name = "[CP] Check Pods Manifest.lock";
			outputFileListPaths = (
			);
			outputPaths = (
				"$(DERIVED_FILE_DIR)/Pods-UiKit_MVVM_Xib-UiKit_MVVM_XibUITests-checkManifestLockResult.txt",
			);
			runOnlyForDeploymentPostprocessing = 0;
			shellPath = /bin/sh;
			shellScript = "diff \"${PODS_PODFILE_DIR_PATH}/Podfile.lock\" \"${PODS_ROOT}/Manifest.lock\" > /dev/null\nif [ $? != 0 ] ; then\n    # print error to STDERR\n    echo \"error: The sandbox is not in sync with the Podfile.lock. Run 'pod install' or update your CocoaPods installation.\" >&2\n    exit 1\nfi\n# This output is used by Xcode 'outputs' to avoid re-running this script phase.\necho \"SUCCESS\" > \"${SCRIPT_OUTPUT_FILE_0}\"\n";
			showEnvVarsInLog = 0;
		};
/* End PBXShellScriptBuildPhase section */

/* Begin PBXSourcesBuildPhase section */
		169F18732B5FCCD700737162 /* Sources */ = {
			isa = PBXSourcesBuildPhase;
			buildActionMask = 2147483647;
			files = (
				169F18C22B60292000737162 /* Observable.swift in Sources */,
				169F187B2B5FCCD700737162 /* AppDelegate.swift in Sources */,
				169F18BE2B5FE21600737162 /* APICaller.swift in Sources */,
				169F18B82B5FD4D800737162 /* MainViewController+TableView.swift in Sources */,
				169F18CF2B61061200737162 /* DetailMovieViewController.swift in Sources */,
				169F18AD2B5FCEAD00737162 /* MainViewController.swift in Sources */,
				169F18BC2B5FE03800737162 /* NetworkConstant.swift in Sources */,
				169F18C92B60E81D00737162 /* UIViewExtensions.swift in Sources */,
				169F18CB2B60E9B400737162 /* MovieTableCellViewModel.swift in Sources */,
				169F18C62B60C29600737162 /* MainMovieCell.swift in Sources */,
				169F18D22B6108D100737162 /* DetailMovieViewModel.swift in Sources */,
				169F18BA2B5FD67B00737162 /* MainViewModel.swift in Sources */,
				169F18C02B5FE26E00737162 /* TrendingMoviesModel.swift in Sources */,
			);
			runOnlyForDeploymentPostprocessing = 0;
		};
		169F18892B5FCCD900737162 /* Sources */ = {
			isa = PBXSourcesBuildPhase;
			buildActionMask = 2147483647;
			files = (
				169F18922B5FCCD900737162 /* UiKit_MVVM_XibTests.swift in Sources */,
			);
			runOnlyForDeploymentPostprocessing = 0;
		};
		169F18932B5FCCD900737162 /* Sources */ = {
			isa = PBXSourcesBuildPhase;
			buildActionMask = 2147483647;
			files = (
				169F189C2B5FCCD900737162 /* UiKit_MVVM_XibUITests.swift in Sources */,
				169F189E2B5FCCD900737162 /* UiKit_MVVM_XibUITestsLaunchTests.swift in Sources */,
			);
			runOnlyForDeploymentPostprocessing = 0;
		};
/* End PBXSourcesBuildPhase section */

/* Begin PBXTargetDependency section */
		169F188F2B5FCCD900737162 /* PBXTargetDependency */ = {
			isa = PBXTargetDependency;
			target = 169F18762B5FCCD700737162 /* UiKit_MVVM_Xib */;
			targetProxy = 169F188E2B5FCCD900737162 /* PBXContainerItemProxy */;
		};
		169F18992B5FCCD900737162 /* PBXTargetDependency */ = {
			isa = PBXTargetDependency;
			target = 169F18762B5FCCD700737162 /* UiKit_MVVM_Xib */;
			targetProxy = 169F18982B5FCCD900737162 /* PBXContainerItemProxy */;
		};
/* End PBXTargetDependency section */

/* Begin PBXVariantGroup section */
		169F18852B5FCCD900737162 /* LaunchScreen.storyboard */ = {
			isa = PBXVariantGroup;
			children = (
				169F18862B5FCCD900737162 /* Base */,
			);
			name = LaunchScreen.storyboard;
			sourceTree = "<group>";
		};
/* End PBXVariantGroup section */

/* Begin XCBuildConfiguration section */
		169F189F2B5FCCD900737162 /* Debug */ = {
			isa = XCBuildConfiguration;
			buildSettings = {
				ALWAYS_SEARCH_USER_PATHS = NO;
				ASSETCATALOG_COMPILER_GENERATE_SWIFT_ASSET_SYMBOL_EXTENSIONS = YES;
				CLANG_ANALYZER_NONNULL = YES;
				CLANG_ANALYZER_NUMBER_OBJECT_CONVERSION = YES_AGGRESSIVE;
				CLANG_CXX_LANGUAGE_STANDARD = "gnu++20";
				CLANG_ENABLE_MODULES = YES;
				CLANG_ENABLE_OBJC_ARC = YES;
				CLANG_ENABLE_OBJC_WEAK = YES;
				CLANG_WARN_BLOCK_CAPTURE_AUTORELEASING = YES;
				CLANG_WARN_BOOL_CONVERSION = YES;
				CLANG_WARN_COMMA = YES;
				CLANG_WARN_CONSTANT_CONVERSION = YES;
				CLANG_WARN_DEPRECATED_OBJC_IMPLEMENTATIONS = YES;
				CLANG_WARN_DIRECT_OBJC_ISA_USAGE = YES_ERROR;
				CLANG_WARN_DOCUMENTATION_COMMENTS = YES;
				CLANG_WARN_EMPTY_BODY = YES;
				CLANG_WARN_ENUM_CONVERSION = YES;
				CLANG_WARN_INFINITE_RECURSION = YES;
				CLANG_WARN_INT_CONVERSION = YES;
				CLANG_WARN_NON_LITERAL_NULL_CONVERSION = YES;
				CLANG_WARN_OBJC_IMPLICIT_RETAIN_SELF = YES;
				CLANG_WARN_OBJC_LITERAL_CONVERSION = YES;
				CLANG_WARN_OBJC_ROOT_CLASS = YES_ERROR;
				CLANG_WARN_QUOTED_INCLUDE_IN_FRAMEWORK_HEADER = YES;
				CLANG_WARN_RANGE_LOOP_ANALYSIS = YES;
				CLANG_WARN_STRICT_PROTOTYPES = YES;
				CLANG_WARN_SUSPICIOUS_MOVE = YES;
				CLANG_WARN_UNGUARDED_AVAILABILITY = YES_AGGRESSIVE;
				CLANG_WARN_UNREACHABLE_CODE = YES;
				CLANG_WARN__DUPLICATE_METHOD_MATCH = YES;
				COPY_PHASE_STRIP = NO;
				DEBUG_INFORMATION_FORMAT = dwarf;
				ENABLE_STRICT_OBJC_MSGSEND = YES;
				ENABLE_TESTABILITY = YES;
				ENABLE_USER_SCRIPT_SANDBOXING = NO;
				GCC_C_LANGUAGE_STANDARD = gnu17;
				GCC_DYNAMIC_NO_PIC = NO;
				GCC_NO_COMMON_BLOCKS = YES;
				GCC_OPTIMIZATION_LEVEL = 0;
				GCC_PREPROCESSOR_DEFINITIONS = (
					"DEBUG=1",
					"$(inherited)",
				);
				GCC_WARN_64_TO_32_BIT_CONVERSION = YES;
				GCC_WARN_ABOUT_RETURN_TYPE = YES_ERROR;
				GCC_WARN_UNDECLARED_SELECTOR = YES;
				GCC_WARN_UNINITIALIZED_AUTOS = YES_AGGRESSIVE;
				GCC_WARN_UNUSED_FUNCTION = YES;
				GCC_WARN_UNUSED_VARIABLE = YES;
				IPHONEOS_DEPLOYMENT_TARGET = 17.0;
				LOCALIZATION_PREFERS_STRING_CATALOGS = YES;
				MTL_ENABLE_DEBUG_INFO = INCLUDE_SOURCE;
				MTL_FAST_MATH = YES;
				ONLY_ACTIVE_ARCH = YES;
				SDKROOT = iphoneos;
				SWIFT_ACTIVE_COMPILATION_CONDITIONS = "DEBUG $(inherited)";
				SWIFT_OPTIMIZATION_LEVEL = "-Onone";
			};
			name = Debug;
		};
		169F18A02B5FCCD900737162 /* Release */ = {
			isa = XCBuildConfiguration;
			buildSettings = {
				ALWAYS_SEARCH_USER_PATHS = NO;
				ASSETCATALOG_COMPILER_GENERATE_SWIFT_ASSET_SYMBOL_EXTENSIONS = YES;
				CLANG_ANALYZER_NONNULL = YES;
				CLANG_ANALYZER_NUMBER_OBJECT_CONVERSION = YES_AGGRESSIVE;
				CLANG_CXX_LANGUAGE_STANDARD = "gnu++20";
				CLANG_ENABLE_MODULES = YES;
				CLANG_ENABLE_OBJC_ARC = YES;
				CLANG_ENABLE_OBJC_WEAK = YES;
				CLANG_WARN_BLOCK_CAPTURE_AUTORELEASING = YES;
				CLANG_WARN_BOOL_CONVERSION = YES;
				CLANG_WARN_COMMA = YES;
				CLANG_WARN_CONSTANT_CONVERSION = YES;
				CLANG_WARN_DEPRECATED_OBJC_IMPLEMENTATIONS = YES;
				CLANG_WARN_DIRECT_OBJC_ISA_USAGE = YES_ERROR;
				CLANG_WARN_DOCUMENTATION_COMMENTS = YES;
				CLANG_WARN_EMPTY_BODY = YES;
				CLANG_WARN_ENUM_CONVERSION = YES;
				CLANG_WARN_INFINITE_RECURSION = YES;
				CLANG_WARN_INT_CONVERSION = YES;
				CLANG_WARN_NON_LITERAL_NULL_CONVERSION = YES;
				CLANG_WARN_OBJC_IMPLICIT_RETAIN_SELF = YES;
				CLANG_WARN_OBJC_LITERAL_CONVERSION = YES;
				CLANG_WARN_OBJC_ROOT_CLASS = YES_ERROR;
				CLANG_WARN_QUOTED_INCLUDE_IN_FRAMEWORK_HEADER = YES;
				CLANG_WARN_RANGE_LOOP_ANALYSIS = YES;
				CLANG_WARN_STRICT_PROTOTYPES = YES;
				CLANG_WARN_SUSPICIOUS_MOVE = YES;
				CLANG_WARN_UNGUARDED_AVAILABILITY = YES_AGGRESSIVE;
				CLANG_WARN_UNREACHABLE_CODE = YES;
				CLANG_WARN__DUPLICATE_METHOD_MATCH = YES;
				COPY_PHASE_STRIP = NO;
				DEBUG_INFORMATION_FORMAT = "dwarf-with-dsym";
				ENABLE_NS_ASSERTIONS = NO;
				ENABLE_STRICT_OBJC_MSGSEND = YES;
				ENABLE_USER_SCRIPT_SANDBOXING = NO;
				GCC_C_LANGUAGE_STANDARD = gnu17;
				GCC_NO_COMMON_BLOCKS = YES;
				GCC_WARN_64_TO_32_BIT_CONVERSION = YES;
				GCC_WARN_ABOUT_RETURN_TYPE = YES_ERROR;
				GCC_WARN_UNDECLARED_SELECTOR = YES;
				GCC_WARN_UNINITIALIZED_AUTOS = YES_AGGRESSIVE;
				GCC_WARN_UNUSED_FUNCTION = YES;
				GCC_WARN_UNUSED_VARIABLE = YES;
				IPHONEOS_DEPLOYMENT_TARGET = 17.0;
				LOCALIZATION_PREFERS_STRING_CATALOGS = YES;
				MTL_ENABLE_DEBUG_INFO = NO;
				MTL_FAST_MATH = YES;
				SDKROOT = iphoneos;
				SWIFT_COMPILATION_MODE = wholemodule;
				VALIDATE_PRODUCT = YES;
			};
			name = Release;
		};
		169F18A22B5FCCD900737162 /* Debug */ = {
			isa = XCBuildConfiguration;
			baseConfigurationReference = 6C40852055CB6DE5B0BF780A /* Pods-UiKit_MVVM_Xib.debug.xcconfig */;
			buildSettings = {
				ASSETCATALOG_COMPILER_APPICON_NAME = AppIcon;
				ASSETCATALOG_COMPILER_GLOBAL_ACCENT_COLOR_NAME = AccentColor;
				CODE_SIGN_STYLE = Automatic;
				CURRENT_PROJECT_VERSION = 1;
				DEVELOPMENT_TEAM = A353S377CB;
				GENERATE_INFOPLIST_FILE = YES;
				INFOPLIST_FILE = UiKit_MVVM_Xib/Info.plist;
				INFOPLIST_KEY_UIApplicationSupportsIndirectInputEvents = YES;
				INFOPLIST_KEY_UILaunchStoryboardName = LaunchScreen;
				INFOPLIST_KEY_UISupportedInterfaceOrientations = UIInterfaceOrientationPortrait;
				LD_RUNPATH_SEARCH_PATHS = (
					"$(inherited)",
					"@executable_path/Frameworks",
				);
				MARKETING_VERSION = 1.0;
				PRODUCT_BUNDLE_IDENTIFIER = "devin.UiKit-MVVM-Xib";
				PRODUCT_NAME = "$(TARGET_NAME)";
				SWIFT_EMIT_LOC_STRINGS = YES;
				SWIFT_VERSION = 5.0;
				TARGETED_DEVICE_FAMILY = "1,2";
			};
			name = Debug;
		};
		169F18A32B5FCCD900737162 /* Release */ = {
			isa = XCBuildConfiguration;
			baseConfigurationReference = 52BFACEB42B1885F1939D8FE /* Pods-UiKit_MVVM_Xib.release.xcconfig */;
			buildSettings = {
				ASSETCATALOG_COMPILER_APPICON_NAME = AppIcon;
				ASSETCATALOG_COMPILER_GLOBAL_ACCENT_COLOR_NAME = AccentColor;
				CODE_SIGN_STYLE = Automatic;
				CURRENT_PROJECT_VERSION = 1;
				DEVELOPMENT_TEAM = A353S377CB;
				GENERATE_INFOPLIST_FILE = YES;
				INFOPLIST_FILE = UiKit_MVVM_Xib/Info.plist;
				INFOPLIST_KEY_UIApplicationSupportsIndirectInputEvents = YES;
				INFOPLIST_KEY_UILaunchStoryboardName = LaunchScreen;
				INFOPLIST_KEY_UISupportedInterfaceOrientations = UIInterfaceOrientationPortrait;
				LD_RUNPATH_SEARCH_PATHS = (
					"$(inherited)",
					"@executable_path/Frameworks",
				);
				MARKETING_VERSION = 1.0;
				PRODUCT_BUNDLE_IDENTIFIER = "devin.UiKit-MVVM-Xib";
				PRODUCT_NAME = "$(TARGET_NAME)";
				SWIFT_EMIT_LOC_STRINGS = YES;
				SWIFT_VERSION = 5.0;
				TARGETED_DEVICE_FAMILY = "1,2";
			};
			name = Release;
		};
		169F18A52B5FCCD900737162 /* Debug */ = {
			isa = XCBuildConfiguration;
			baseConfigurationReference = 87845E7763D1C0104A8A54DF /* Pods-UiKit_MVVM_XibTests.debug.xcconfig */;
			buildSettings = {
				ALWAYS_EMBED_SWIFT_STANDARD_LIBRARIES = YES;
				BUNDLE_LOADER = "$(TEST_HOST)";
				CODE_SIGN_STYLE = Automatic;
				CURRENT_PROJECT_VERSION = 1;
				DEVELOPMENT_TEAM = A353S377CB;
				GENERATE_INFOPLIST_FILE = YES;
				IPHONEOS_DEPLOYMENT_TARGET = 17.0;
				MARKETING_VERSION = 1.0;
				PRODUCT_BUNDLE_IDENTIFIER = "devin.UiKit-MVVM-XibTests";
				PRODUCT_NAME = "$(TARGET_NAME)";
				SWIFT_EMIT_LOC_STRINGS = NO;
				SWIFT_VERSION = 5.0;
				TARGETED_DEVICE_FAMILY = "1,2";
				TEST_HOST = "$(BUILT_PRODUCTS_DIR)/UiKit_MVVM_Xib.app/$(BUNDLE_EXECUTABLE_FOLDER_PATH)/UiKit_MVVM_Xib";
			};
			name = Debug;
		};
		169F18A62B5FCCD900737162 /* Release */ = {
			isa = XCBuildConfiguration;
			baseConfigurationReference = 4E630674CD545D399F7B0605 /* Pods-UiKit_MVVM_XibTests.release.xcconfig */;
			buildSettings = {
				ALWAYS_EMBED_SWIFT_STANDARD_LIBRARIES = YES;
				BUNDLE_LOADER = "$(TEST_HOST)";
				CODE_SIGN_STYLE = Automatic;
				CURRENT_PROJECT_VERSION = 1;
				DEVELOPMENT_TEAM = A353S377CB;
				GENERATE_INFOPLIST_FILE = YES;
				IPHONEOS_DEPLOYMENT_TARGET = 17.0;
				MARKETING_VERSION = 1.0;
				PRODUCT_BUNDLE_IDENTIFIER = "devin.UiKit-MVVM-XibTests";
				PRODUCT_NAME = "$(TARGET_NAME)";
				SWIFT_EMIT_LOC_STRINGS = NO;
				SWIFT_VERSION = 5.0;
				TARGETED_DEVICE_FAMILY = "1,2";
				TEST_HOST = "$(BUILT_PRODUCTS_DIR)/UiKit_MVVM_Xib.app/$(BUNDLE_EXECUTABLE_FOLDER_PATH)/UiKit_MVVM_Xib";
			};
			name = Release;
		};
		169F18A82B5FCCD900737162 /* Debug */ = {
			isa = XCBuildConfiguration;
			baseConfigurationReference = CA92A1928D534B5CB65E7683 /* Pods-UiKit_MVVM_Xib-UiKit_MVVM_XibUITests.debug.xcconfig */;
			buildSettings = {
				ALWAYS_EMBED_SWIFT_STANDARD_LIBRARIES = YES;
				CODE_SIGN_STYLE = Automatic;
				CURRENT_PROJECT_VERSION = 1;
				DEVELOPMENT_TEAM = A353S377CB;
				ENABLE_USER_SCRIPT_SANDBOXING = NO;
				GENERATE_INFOPLIST_FILE = YES;
				MARKETING_VERSION = 1.0;
				PRODUCT_BUNDLE_IDENTIFIER = "devin.UiKit-MVVM-XibUITests";
				PRODUCT_NAME = "$(TARGET_NAME)";
				SWIFT_EMIT_LOC_STRINGS = NO;
				SWIFT_VERSION = 5.0;
				TARGETED_DEVICE_FAMILY = "1,2";
				TEST_TARGET_NAME = UiKit_MVVM_Xib;
			};
			name = Debug;
		};
		169F18A92B5FCCD900737162 /* Release */ = {
			isa = XCBuildConfiguration;
			baseConfigurationReference = F505B149677B38BFC550FE60 /* Pods-UiKit_MVVM_Xib-UiKit_MVVM_XibUITests.release.xcconfig */;
			buildSettings = {
				ALWAYS_EMBED_SWIFT_STANDARD_LIBRARIES = YES;
				CODE_SIGN_STYLE = Automatic;
				CURRENT_PROJECT_VERSION = 1;
				DEVELOPMENT_TEAM = A353S377CB;
				ENABLE_USER_SCRIPT_SANDBOXING = NO;
				GENERATE_INFOPLIST_FILE = YES;
				MARKETING_VERSION = 1.0;
				PRODUCT_BUNDLE_IDENTIFIER = "devin.UiKit-MVVM-XibUITests";
				PRODUCT_NAME = "$(TARGET_NAME)";
				SWIFT_EMIT_LOC_STRINGS = NO;
				SWIFT_VERSION = 5.0;
				TARGETED_DEVICE_FAMILY = "1,2";
				TEST_TARGET_NAME = UiKit_MVVM_Xib;
			};
			name = Release;
		};
/* End XCBuildConfiguration section */

/* Begin XCConfigurationList section */
		169F18722B5FCCD700737162 /* Build configuration list for PBXProject "UiKit_MVVM_Xib" */ = {
			isa = XCConfigurationList;
			buildConfigurations = (
				169F189F2B5FCCD900737162 /* Debug */,
				169F18A02B5FCCD900737162 /* Release */,
			);
			defaultConfigurationIsVisible = 0;
			defaultConfigurationName = Release;
		};
		169F18A12B5FCCD900737162 /* Build configuration list for PBXNativeTarget "UiKit_MVVM_Xib" */ = {
			isa = XCConfigurationList;
			buildConfigurations = (
				169F18A22B5FCCD900737162 /* Debug */,
				169F18A32B5FCCD900737162 /* Release */,
			);
			defaultConfigurationIsVisible = 0;
			defaultConfigurationName = Release;
		};
		169F18A42B5FCCD900737162 /* Build configuration list for PBXNativeTarget "UiKit_MVVM_XibTests" */ = {
			isa = XCConfigurationList;
			buildConfigurations = (
				169F18A52B5FCCD900737162 /* Debug */,
				169F18A62B5FCCD900737162 /* Release */,
			);
			defaultConfigurationIsVisible = 0;
			defaultConfigurationName = Release;
		};
		169F18A72B5FCCD900737162 /* Build configuration list for PBXNativeTarget "UiKit_MVVM_XibUITests" */ = {
			isa = XCConfigurationList;
			buildConfigurations = (
				169F18A82B5FCCD900737162 /* Debug */,
				169F18A92B5FCCD900737162 /* Release */,
			);
			defaultConfigurationIsVisible = 0;
			defaultConfigurationName = Release;
		};
/* End XCConfigurationList section */
	};
	rootObject = 169F186F2B5FCCD700737162 /* Project object */;
}
